// !$*UTF8*$!
{
	archiveVersion = 1;
	classes = {
	};
	objectVersion = 50;
	objects = {

/* Begin PBXBuildFile section */
		526F31222417FAFB00756D0C /* AppDelegate.swift in Sources */ = {isa = PBXBuildFile; fileRef = 526F31212417FAFB00756D0C /* AppDelegate.swift */; };
		526F31242417FAFB00756D0C /* SceneDelegate.swift in Sources */ = {isa = PBXBuildFile; fileRef = 526F31232417FAFB00756D0C /* SceneDelegate.swift */; };
		526F31292417FAFB00756D0C /* Main.storyboard in Resources */ = {isa = PBXBuildFile; fileRef = 526F31272417FAFB00756D0C /* Main.storyboard */; };
		526F312B2417FAFD00756D0C /* Assets.xcassets in Resources */ = {isa = PBXBuildFile; fileRef = 526F312A2417FAFD00756D0C /* Assets.xcassets */; };
		526F312E2417FAFD00756D0C /* LaunchScreen.storyboard in Resources */ = {isa = PBXBuildFile; fileRef = 526F312C2417FAFD00756D0C /* LaunchScreen.storyboard */; };
		526F31382417FB8B00756D0C /* CharactersAPI.swift in Sources */ = {isa = PBXBuildFile; fileRef = 526F31372417FB8B00756D0C /* CharactersAPI.swift */; };
		526F313A241816FF00756D0C /* CharacterTableViewCell.swift in Sources */ = {isa = PBXBuildFile; fileRef = 526F3139241816FF00756D0C /* CharacterTableViewCell.swift */; };
		526F31422418CCFE00756D0C /* CharactersController.swift in Sources */ = {isa = PBXBuildFile; fileRef = 526F31412418CCFE00756D0C /* CharactersController.swift */; };
		526F31442418CDD100756D0C /* NetworkService.swift in Sources */ = {isa = PBXBuildFile; fileRef = 526F31432418CDD100756D0C /* NetworkService.swift */; };
		526F31502418D5D300756D0C /* NetworkErrors.swift in Sources */ = {isa = PBXBuildFile; fileRef = 526F314F2418D5D300756D0C /* NetworkErrors.swift */; };
		526F31522418D60A00756D0C /* CharactersResponse.swift in Sources */ = {isa = PBXBuildFile; fileRef = 526F31512418D60A00756D0C /* CharactersResponse.swift */; };
		526F31552418D6FE00756D0C /* CharactersNetworkService.swift in Sources */ = {isa = PBXBuildFile; fileRef = 526F31542418D6FE00756D0C /* CharactersNetworkService.swift */; };
		52CEE93A241A8F0F0078FFD9 /* ImageExtension.swift in Sources */ = {isa = PBXBuildFile; fileRef = 52CEE939241A8F0F0078FFD9 /* ImageExtension.swift */; };
		52CEE93C241A93140078FFD9 /* CharacterDetailsVC.swift in Sources */ = {isa = PBXBuildFile; fileRef = 52CEE93B241A93140078FFD9 /* CharacterDetailsVC.swift */; };
		52CEE943241B704B0078FFD9 /* PageVC.swift in Sources */ = {isa = PBXBuildFile; fileRef = 52CEE942241B704B0078FFD9 /* PageVC.swift */; };
		52CEE945241B70670078FFD9 /* ContentForPageVC.swift in Sources */ = {isa = PBXBuildFile; fileRef = 52CEE944241B70670078FFD9 /* ContentForPageVC.swift */; };
		52CEE948241B7E970078FFD9 /* ViewControllerExtension.swift in Sources */ = {isa = PBXBuildFile; fileRef = 52CEE947241B7E970078FFD9 /* ViewControllerExtension.swift */; };
		52CEE94A241B7EC40078FFD9 /* LineExtension.swift in Sources */ = {isa = PBXBuildFile; fileRef = 52CEE949241B7EC40078FFD9 /* LineExtension.swift */; };
/* End PBXBuildFile section */

/* Begin PBXFileReference section */
		526F311E2417FAFB00756D0C /* R&M.app */ = {isa = PBXFileReference; explicitFileType = wrapper.application; includeInIndex = 0; path = "R&M.app"; sourceTree = BUILT_PRODUCTS_DIR; };
		526F31212417FAFB00756D0C /* AppDelegate.swift */ = {isa = PBXFileReference; lastKnownFileType = sourcecode.swift; path = AppDelegate.swift; sourceTree = "<group>"; };
		526F31232417FAFB00756D0C /* SceneDelegate.swift */ = {isa = PBXFileReference; lastKnownFileType = sourcecode.swift; path = SceneDelegate.swift; sourceTree = "<group>"; };
		526F31282417FAFB00756D0C /* Base */ = {isa = PBXFileReference; lastKnownFileType = file.storyboard; name = Base; path = Base.lproj/Main.storyboard; sourceTree = "<group>"; };
		526F312A2417FAFD00756D0C /* Assets.xcassets */ = {isa = PBXFileReference; lastKnownFileType = folder.assetcatalog; path = Assets.xcassets; sourceTree = "<group>"; };
		526F312D2417FAFD00756D0C /* Base */ = {isa = PBXFileReference; lastKnownFileType = file.storyboard; name = Base; path = Base.lproj/LaunchScreen.storyboard; sourceTree = "<group>"; };
		526F312F2417FAFD00756D0C /* Info.plist */ = {isa = PBXFileReference; lastKnownFileType = text.plist.xml; path = Info.plist; sourceTree = "<group>"; };
		526F31372417FB8B00756D0C /* CharactersAPI.swift */ = {isa = PBXFileReference; lastKnownFileType = sourcecode.swift; path = CharactersAPI.swift; sourceTree = "<group>"; };
		526F3139241816FF00756D0C /* CharacterTableViewCell.swift */ = {isa = PBXFileReference; lastKnownFileType = sourcecode.swift; path = CharacterTableViewCell.swift; sourceTree = "<group>"; };
		526F31412418CCFE00756D0C /* CharactersController.swift */ = {isa = PBXFileReference; lastKnownFileType = sourcecode.swift; path = CharactersController.swift; sourceTree = "<group>"; };
		526F31432418CDD100756D0C /* NetworkService.swift */ = {isa = PBXFileReference; lastKnownFileType = sourcecode.swift; path = NetworkService.swift; sourceTree = "<group>"; };
		526F314F2418D5D300756D0C /* NetworkErrors.swift */ = {isa = PBXFileReference; lastKnownFileType = sourcecode.swift; path = NetworkErrors.swift; sourceTree = "<group>"; };
		526F31512418D60A00756D0C /* CharactersResponse.swift */ = {isa = PBXFileReference; lastKnownFileType = sourcecode.swift; path = CharactersResponse.swift; sourceTree = "<group>"; };
		526F31542418D6FE00756D0C /* CharactersNetworkService.swift */ = {isa = PBXFileReference; lastKnownFileType = sourcecode.swift; path = CharactersNetworkService.swift; sourceTree = "<group>"; };
		52CEE939241A8F0F0078FFD9 /* ImageExtension.swift */ = {isa = PBXFileReference; lastKnownFileType = sourcecode.swift; path = ImageExtension.swift; sourceTree = "<group>"; };
		52CEE93B241A93140078FFD9 /* CharacterDetailsVC.swift */ = {isa = PBXFileReference; lastKnownFileType = sourcecode.swift; path = CharacterDetailsVC.swift; sourceTree = "<group>"; };
		52CEE942241B704B0078FFD9 /* PageVC.swift */ = {isa = PBXFileReference; lastKnownFileType = sourcecode.swift; path = PageVC.swift; sourceTree = "<group>"; };
		52CEE944241B70670078FFD9 /* ContentForPageVC.swift */ = {isa = PBXFileReference; lastKnownFileType = sourcecode.swift; path = ContentForPageVC.swift; sourceTree = "<group>"; };
		52CEE947241B7E970078FFD9 /* ViewControllerExtension.swift */ = {isa = PBXFileReference; lastKnownFileType = sourcecode.swift; path = ViewControllerExtension.swift; sourceTree = "<group>"; };
		52CEE949241B7EC40078FFD9 /* LineExtension.swift */ = {isa = PBXFileReference; lastKnownFileType = sourcecode.swift; path = LineExtension.swift; sourceTree = "<group>"; };
/* End PBXFileReference section */

/* Begin PBXFrameworksBuildPhase section */
		526F311B2417FAFB00756D0C /* Frameworks */ = {
			isa = PBXFrameworksBuildPhase;
			buildActionMask = 2147483647;
			files = (
			);
			runOnlyForDeploymentPostprocessing = 0;
		};
/* End PBXFrameworksBuildPhase section */

/* Begin PBXGroup section */
		526F31152417FAFB00756D0C = {
			isa = PBXGroup;
			children = (
				526F31202417FAFB00756D0C /* R&M */,
				526F311F2417FAFB00756D0C /* Products */,
			);
			sourceTree = "<group>";
		};
		526F311F2417FAFB00756D0C /* Products */ = {
			isa = PBXGroup;
			children = (
				526F311E2417FAFB00756D0C /* R&M.app */,
			);
			name = Products;
			sourceTree = "<group>";
		};
		526F31202417FAFB00756D0C /* R&M */ = {
			isa = PBXGroup;
			children = (
				526F312F2417FAFD00756D0C /* Info.plist */,
				526F31492418D4DD00756D0C /* Application */,
				526F31482418D4CE00756D0C /* Characters */,
				526F314E2418D55E00756D0C /* Support Files */,
			);
			path = "R&M";
			sourceTree = "<group>";
		};
		526F31452418D47000756D0C /* Model */ = {
			isa = PBXGroup;
			children = (
				526F31372417FB8B00756D0C /* CharactersAPI.swift */,
				526F31512418D60A00756D0C /* CharactersResponse.swift */,
			);
			path = Model;
			sourceTree = "<group>";
		};
		526F31462418D47600756D0C /* View */ = {
			isa = PBXGroup;
			children = (
				526F3139241816FF00756D0C /* CharacterTableViewCell.swift */,
			);
			path = View;
			sourceTree = "<group>";
		};
		526F31472418D48100756D0C /* Controller */ = {
			isa = PBXGroup;
			children = (
				526F31412418CCFE00756D0C /* CharactersController.swift */,
				52CEE93B241A93140078FFD9 /* CharacterDetailsVC.swift */,
			);
			path = Controller;
			sourceTree = "<group>";
		};
		526F31482418D4CE00756D0C /* Characters */ = {
			isa = PBXGroup;
			children = (
				526F31532418D6CC00756D0C /* NetworkService */,
				526F31452418D47000756D0C /* Model */,
				526F31462418D47600756D0C /* View */,
				526F31472418D48100756D0C /* Controller */,
			);
			path = Characters;
			sourceTree = "<group>";
		};
		526F31492418D4DD00756D0C /* Application */ = {
			isa = PBXGroup;
			children = (
				52CEE941241B6E6E0078FFD9 /* Extensions */,
				526F314D2418D54600756D0C /* NetworkService */,
				526F314C2418D4F600756D0C /* Model */,
				526F314B2418D4EF00756D0C /* View */,
				526F314A2418D4E800756D0C /* Controller */,
			);
			path = Application;
			sourceTree = "<group>";
		};
		526F314A2418D4E800756D0C /* Controller */ = {
			isa = PBXGroup;
			children = (
				526F31212417FAFB00756D0C /* AppDelegate.swift */,
				526F31232417FAFB00756D0C /* SceneDelegate.swift */,
				52CEE946241B70700078FFD9 /* Page VC */,
			);
			path = Controller;
			sourceTree = "<group>";
		};
		526F314B2418D4EF00756D0C /* View */ = {
			isa = PBXGroup;
			children = (
				526F31272417FAFB00756D0C /* Main.storyboard */,
				526F312C2417FAFD00756D0C /* LaunchScreen.storyboard */,
			);
			path = View;
			sourceTree = "<group>";
		};
		526F314C2418D4F600756D0C /* Model */ = {
			isa = PBXGroup;
			children = (
				526F314F2418D5D300756D0C /* NetworkErrors.swift */,
			);
			path = Model;
			sourceTree = "<group>";
		};
		526F314D2418D54600756D0C /* NetworkService */ = {
			isa = PBXGroup;
			children = (
				526F31432418CDD100756D0C /* NetworkService.swift */,
			);
			path = NetworkService;
			sourceTree = "<group>";
		};
		526F314E2418D55E00756D0C /* Support Files */ = {
			isa = PBXGroup;
			children = (
				526F312A2417FAFD00756D0C /* Assets.xcassets */,
			);
			path = "Support Files";
			sourceTree = "<group>";
		};
		526F31532418D6CC00756D0C /* NetworkService */ = {
			isa = PBXGroup;
			children = (
				526F31542418D6FE00756D0C /* CharactersNetworkService.swift */,
			);
			path = NetworkService;
			sourceTree = "<group>";
		};
		52CEE941241B6E6E0078FFD9 /* Extensions */ = {
			isa = PBXGroup;
			children = (
				52CEE939241A8F0F0078FFD9 /* ImageExtension.swift */,
				52CEE947241B7E970078FFD9 /* ViewControllerExtension.swift */,
				52CEE949241B7EC40078FFD9 /* LineExtension.swift */,
			);
			path = Extensions;
			sourceTree = "<group>";
		};
		52CEE946241B70700078FFD9 /* Page VC */ = {
			isa = PBXGroup;
			children = (
				52CEE942241B704B0078FFD9 /* PageVC.swift */,
				52CEE944241B70670078FFD9 /* ContentForPageVC.swift */,
			);
			path = "Page VC";
			sourceTree = "<group>";
		};
/* End PBXGroup section */

/* Begin PBXNativeTarget section */
		526F311D2417FAFB00756D0C /* R&M */ = {
			isa = PBXNativeTarget;
			buildConfigurationList = 526F31322417FAFD00756D0C /* Build configuration list for PBXNativeTarget "R&M" */;
			buildPhases = (
				526F311A2417FAFB00756D0C /* Sources */,
				526F311B2417FAFB00756D0C /* Frameworks */,
				526F311C2417FAFB00756D0C /* Resources */,
			);
			buildRules = (
			);
			dependencies = (
			);
			name = "R&M";
			productName = "R&M";
			productReference = 526F311E2417FAFB00756D0C /* R&M.app */;
			productType = "com.apple.product-type.application";
		};
/* End PBXNativeTarget section */

/* Begin PBXProject section */
		526F31162417FAFB00756D0C /* Project object */ = {
			isa = PBXProject;
			attributes = {
				LastSwiftUpdateCheck = 1130;
				LastUpgradeCheck = 1130;
				ORGANIZATIONNAME = "Vadim Katenin";
				TargetAttributes = {
					526F311D2417FAFB00756D0C = {
						CreatedOnToolsVersion = 11.3.1;
					};
				};
			};
			buildConfigurationList = 526F31192417FAFB00756D0C /* Build configuration list for PBXProject "R&M" */;
			compatibilityVersion = "Xcode 9.3";
			developmentRegion = en;
			hasScannedForEncodings = 0;
			knownRegions = (
				en,
				Base,
			);
			mainGroup = 526F31152417FAFB00756D0C;
			productRefGroup = 526F311F2417FAFB00756D0C /* Products */;
			projectDirPath = "";
			projectRoot = "";
			targets = (
				526F311D2417FAFB00756D0C /* R&M */,
			);
		};
/* End PBXProject section */

/* Begin PBXResourcesBuildPhase section */
		526F311C2417FAFB00756D0C /* Resources */ = {
			isa = PBXResourcesBuildPhase;
			buildActionMask = 2147483647;
			files = (
				526F312E2417FAFD00756D0C /* LaunchScreen.storyboard in Resources */,
				526F312B2417FAFD00756D0C /* Assets.xcassets in Resources */,
				526F31292417FAFB00756D0C /* Main.storyboard in Resources */,
			);
			runOnlyForDeploymentPostprocessing = 0;
		};
/* End PBXResourcesBuildPhase section */

/* Begin PBXSourcesBuildPhase section */
		526F311A2417FAFB00756D0C /* Sources */ = {
			isa = PBXSourcesBuildPhase;
			buildActionMask = 2147483647;
			files = (
				526F313A241816FF00756D0C /* CharacterTableViewCell.swift in Sources */,
				52CEE943241B704B0078FFD9 /* PageVC.swift in Sources */,
				526F31552418D6FE00756D0C /* CharactersNetworkService.swift in Sources */,
				52CEE93C241A93140078FFD9 /* CharacterDetailsVC.swift in Sources */,
				526F31382417FB8B00756D0C /* CharactersAPI.swift in Sources */,
				52CEE93A241A8F0F0078FFD9 /* ImageExtension.swift in Sources */,
				526F31522418D60A00756D0C /* CharactersResponse.swift in Sources */,
				52CEE94A241B7EC40078FFD9 /* LineExtension.swift in Sources */,
				526F31222417FAFB00756D0C /* AppDelegate.swift in Sources */,
				526F31502418D5D300756D0C /* NetworkErrors.swift in Sources */,
				52CEE948241B7E970078FFD9 /* ViewControllerExtension.swift in Sources */,
				52CEE945241B70670078FFD9 /* ContentForPageVC.swift in Sources */,
				526F31422418CCFE00756D0C /* CharactersController.swift in Sources */,
				526F31442418CDD100756D0C /* NetworkService.swift in Sources */,
				526F31242417FAFB00756D0C /* SceneDelegate.swift in Sources */,
			);
			runOnlyForDeploymentPostprocessing = 0;
		};
/* End PBXSourcesBuildPhase section */

/* Begin PBXVariantGroup section */
		526F31272417FAFB00756D0C /* Main.storyboard */ = {
			isa = PBXVariantGroup;
			children = (
				526F31282417FAFB00756D0C /* Base */,
			);
			name = Main.storyboard;
			sourceTree = "<group>";
		};
		526F312C2417FAFD00756D0C /* LaunchScreen.storyboard */ = {
			isa = PBXVariantGroup;
			children = (
				526F312D2417FAFD00756D0C /* Base */,
			);
			name = LaunchScreen.storyboard;
			sourceTree = "<group>";
		};
/* End PBXVariantGroup section */

/* Begin XCBuildConfiguration section */
		526F31302417FAFD00756D0C /* Debug */ = {
			isa = XCBuildConfiguration;
			buildSettings = {
				ALWAYS_SEARCH_USER_PATHS = NO;
				CLANG_ANALYZER_NONNULL = YES;
				CLANG_ANALYZER_NUMBER_OBJECT_CONVERSION = YES_AGGRESSIVE;
				CLANG_CXX_LANGUAGE_STANDARD = "gnu++14";
				CLANG_CXX_LIBRARY = "libc++";
				CLANG_ENABLE_MODULES = YES;
				CLANG_ENABLE_OBJC_ARC = YES;
				CLANG_ENABLE_OBJC_WEAK = YES;
				CLANG_WARN_BLOCK_CAPTURE_AUTORELEASING = YES;
				CLANG_WARN_BOOL_CONVERSION = YES;
				CLANG_WARN_COMMA = YES;
				CLANG_WARN_CONSTANT_CONVERSION = YES;
				CLANG_WARN_DEPRECATED_OBJC_IMPLEMENTATIONS = YES;
				CLANG_WARN_DIRECT_OBJC_ISA_USAGE = YES_ERROR;
				CLANG_WARN_DOCUMENTATION_COMMENTS = YES;
				CLANG_WARN_EMPTY_BODY = YES;
				CLANG_WARN_ENUM_CONVERSION = YES;
				CLANG_WARN_INFINITE_RECURSION = YES;
				CLANG_WARN_INT_CONVERSION = YES;
				CLANG_WARN_NON_LITERAL_NULL_CONVERSION = YES;
				CLANG_WARN_OBJC_IMPLICIT_RETAIN_SELF = YES;
				CLANG_WARN_OBJC_LITERAL_CONVERSION = YES;
				CLANG_WARN_OBJC_ROOT_CLASS = YES_ERROR;
				CLANG_WARN_RANGE_LOOP_ANALYSIS = YES;
				CLANG_WARN_STRICT_PROTOTYPES = YES;
				CLANG_WARN_SUSPICIOUS_MOVE = YES;
				CLANG_WARN_UNGUARDED_AVAILABILITY = YES_AGGRESSIVE;
				CLANG_WARN_UNREACHABLE_CODE = YES;
				CLANG_WARN__DUPLICATE_METHOD_MATCH = YES;
				COPY_PHASE_STRIP = NO;
				DEBUG_INFORMATION_FORMAT = dwarf;
				ENABLE_STRICT_OBJC_MSGSEND = YES;
				ENABLE_TESTABILITY = YES;
				GCC_C_LANGUAGE_STANDARD = gnu11;
				GCC_DYNAMIC_NO_PIC = NO;
				GCC_NO_COMMON_BLOCKS = YES;
				GCC_OPTIMIZATION_LEVEL = 0;
				GCC_PREPROCESSOR_DEFINITIONS = (
					"DEBUG=1",
					"$(inherited)",
				);
				GCC_WARN_64_TO_32_BIT_CONVERSION = YES;
				GCC_WARN_ABOUT_RETURN_TYPE = YES_ERROR;
				GCC_WARN_UNDECLARED_SELECTOR = YES;
				GCC_WARN_UNINITIALIZED_AUTOS = YES_AGGRESSIVE;
				GCC_WARN_UNUSED_FUNCTION = YES;
				GCC_WARN_UNUSED_VARIABLE = YES;
				IPHONEOS_DEPLOYMENT_TARGET = 13.2;
				MTL_ENABLE_DEBUG_INFO = INCLUDE_SOURCE;
				MTL_FAST_MATH = YES;
				ONLY_ACTIVE_ARCH = YES;
				SDKROOT = iphoneos;
				SWIFT_ACTIVE_COMPILATION_CONDITIONS = DEBUG;
				SWIFT_OPTIMIZATION_LEVEL = "-Onone";
			};
			name = Debug;
		};
		526F31312417FAFD00756D0C /* Release */ = {
			isa = XCBuildConfiguration;
			buildSettings = {
				ALWAYS_SEARCH_USER_PATHS = NO;
				CLANG_ANALYZER_NONNULL = YES;
				CLANG_ANALYZER_NUMBER_OBJECT_CONVERSION = YES_AGGRESSIVE;
				CLANG_CXX_LANGUAGE_STANDARD = "gnu++14";
				CLANG_CXX_LIBRARY = "libc++";
				CLANG_ENABLE_MODULES = YES;
				CLANG_ENABLE_OBJC_ARC = YES;
				CLANG_ENABLE_OBJC_WEAK = YES;
				CLANG_WARN_BLOCK_CAPTURE_AUTORELEASING = YES;
				CLANG_WARN_BOOL_CONVERSION = YES;
				CLANG_WARN_COMMA = YES;
				CLANG_WARN_CONSTANT_CONVERSION = YES;
				CLANG_WARN_DEPRECATED_OBJC_IMPLEMENTATIONS = YES;
				CLANG_WARN_DIRECT_OBJC_ISA_USAGE = YES_ERROR;
				CLANG_WARN_DOCUMENTATION_COMMENTS = YES;
				CLANG_WARN_EMPTY_BODY = YES;
				CLANG_WARN_ENUM_CONVERSION = YES;
				CLANG_WARN_INFINITE_RECURSION = YES;
				CLANG_WARN_INT_CONVERSION = YES;
				CLANG_WARN_NON_LITERAL_NULL_CONVERSION = YES;
				CLANG_WARN_OBJC_IMPLICIT_RETAIN_SELF = YES;
				CLANG_WARN_OBJC_LITERAL_CONVERSION = YES;
				CLANG_WARN_OBJC_ROOT_CLASS = YES_ERROR;
				CLANG_WARN_RANGE_LOOP_ANALYSIS = YES;
				CLANG_WARN_STRICT_PROTOTYPES = YES;
				CLANG_WARN_SUSPICIOUS_MOVE = YES;
				CLANG_WARN_UNGUARDED_AVAILABILITY = YES_AGGRESSIVE;
				CLANG_WARN_UNREACHABLE_CODE = YES;
				CLANG_WARN__DUPLICATE_METHOD_MATCH = YES;
				COPY_PHASE_STRIP = NO;
				DEBUG_INFORMATION_FORMAT = "dwarf-with-dsym";
				ENABLE_NS_ASSERTIONS = NO;
				ENABLE_STRICT_OBJC_MSGSEND = YES;
				GCC_C_LANGUAGE_STANDARD = gnu11;
				GCC_NO_COMMON_BLOCKS = YES;
				GCC_WARN_64_TO_32_BIT_CONVERSION = YES;
				GCC_WARN_ABOUT_RETURN_TYPE = YES_ERROR;
				GCC_WARN_UNDECLARED_SELECTOR = YES;
				GCC_WARN_UNINITIALIZED_AUTOS = YES_AGGRESSIVE;
				GCC_WARN_UNUSED_FUNCTION = YES;
				GCC_WARN_UNUSED_VARIABLE = YES;
				IPHONEOS_DEPLOYMENT_TARGET = 13.2;
				MTL_ENABLE_DEBUG_INFO = NO;
				MTL_FAST_MATH = YES;
				SDKROOT = iphoneos;
				SWIFT_COMPILATION_MODE = wholemodule;
				SWIFT_OPTIMIZATION_LEVEL = "-O";
				VALIDATE_PRODUCT = YES;
			};
			name = Release;
		};
		526F31332417FAFD00756D0C /* Debug */ = {
			isa = XCBuildConfiguration;
			buildSettings = {
				ASSETCATALOG_COMPILER_APPICON_NAME = AppIcon;
				CODE_SIGN_STYLE = Automatic;
				DEVELOPMENT_TEAM = "";
				INFOPLIST_FILE = "R&M/Info.plist";
				LD_RUNPATH_SEARCH_PATHS = (
					"$(inherited)",
					"@executable_path/Frameworks",
				);
				PRODUCT_BUNDLE_IDENTIFIER = "com.vadimkatenin.R-M";
				PRODUCT_NAME = "$(TARGET_NAME)";
				SWIFT_VERSION = 5.0;
				TARGETED_DEVICE_FAMILY = "1,2";
			};
			name = Debug;
		};
		526F31342417FAFD00756D0C /* Release */ = {
			isa = XCBuildConfiguration;
			buildSettings = {
				ASSETCATALOG_COMPILER_APPICON_NAME = AppIcon;
				CODE_SIGN_STYLE = Automatic;
				DEVELOPMENT_TEAM = "";
				INFOPLIST_FILE = "R&M/Info.plist";
				LD_RUNPATH_SEARCH_PATHS = (
					"$(inherited)",
					"@executable_path/Frameworks",
				);
				PRODUCT_BUNDLE_IDENTIFIER = "com.vadimkatenin.R-M";
				PRODUCT_NAME = "$(TARGET_NAME)";
				SWIFT_VERSION = 5.0;
				TARGETED_DEVICE_FAMILY = "1,2";
			};
			name = Release;
		};
/* End XCBuildConfiguration section */

/* Begin XCConfigurationList section */
		526F31192417FAFB00756D0C /* Build configuration list for PBXProject "R&M" */ = {
			isa = XCConfigurationList;
			buildConfigurations = (
				526F31302417FAFD00756D0C /* Debug */,
				526F31312417FAFD00756D0C /* Release */,
			);
			defaultConfigurationIsVisible = 0;
			defaultConfigurationName = Release;
		};
		526F31322417FAFD00756D0C /* Build configuration list for PBXNativeTarget "R&M" */ = {
			isa = XCConfigurationList;
			buildConfigurations = (
				526F31332417FAFD00756D0C /* Debug */,
				526F31342417FAFD00756D0C /* Release */,
			);
			defaultConfigurationIsVisible = 0;
			defaultConfigurationName = Release;
		};
/* End XCConfigurationList section */
	};
	rootObject = 526F31162417FAFB00756D0C /* Project object */;
}
